
Microsoft Visual Studio Solution File, Format Version 12.00
# Visual Studio Version 17
VisualStudioVersion = 17.12.35707.178
MinimumVisualStudioVersion = 10.0.40219.1
Project("{FAE04EC0-301F-11D3-BF4B-00C04F79EFBC}") = "01. First excercise", "01. First excercise\01. First excercise.csproj", "{FDC003FE-257B-48D1-9DC1-6135E55560C8}"
EndProject
Project("{FAE04EC0-301F-11D3-BF4B-00C04F79EFBC}") = "02. Bonus Score", "02. Bonus Score\02. Bonus Score.csproj", "{6CCCE2F7-637C-4EC4-A5E9-E94F26AFF753}"
EndProject
Project("{FAE04EC0-301F-11D3-BF4B-00C04F79EFBC}") = "03. Time + 15 Minutes", "03. Time + 15 Minutes\03. Time + 15 Minutes.csproj", "{B9488C18-10AF-4997-BBEB-209CF859FBFA}"
EndProject
Project("{FAE04EC0-301F-11D3-BF4B-00C04F79EFBC}") = "04. Toy Shop", "04. Toy Shop\04. Toy Shop.csproj", "{FD8D790F-2DC6-405F-B519-45D525EA8BE5}"
EndProject
Project("{FAE04EC0-301F-11D3-BF4B-00C04F79EFBC}") = "05. Godzilla vs. Kong", "05. Godzilla vs. Kong\05. Godzilla vs. Kong.csproj", "{28E374D1-BBFA-4243-9FBE-5FEE1A9DD17B}"
EndProject
Project("{FAE04EC0-301F-11D3-BF4B-00C04F79EFBC}") = "06. World Swimming Record", "06. World Swimming Record\06. World Swimming Record.csproj", "{A7639230-B866-4883-A715-D0E66F2380D5}"
EndProject
Project("{FAE04EC0-301F-11D3-BF4B-00C04F79EFBC}") = "07. Shopping", "07. Shopping\07. Shopping.csproj", "{1C1A2021-BDF5-420A-823A-E84578EA3B9F}"
EndProject
Project("{FAE04EC0-301F-11D3-BF4B-00C04F79EFBC}") = "08. Lunch Break", "08. Lunch Break\08. Lunch Break.csproj", "{8A47B64B-140F-416A-A703-DB94335762F7}"
EndProject
Global
	GlobalSection(SolutionConfigurationPlatforms) = preSolution
		Debug|Any CPU = Debug|Any CPU
		Release|Any CPU = Release|Any CPU
	EndGlobalSection
	GlobalSection(ProjectConfigurationPlatforms) = postSolution
		{FDC003FE-257B-48D1-9DC1-6135E55560C8}.Debug|Any CPU.ActiveCfg = Debug|Any CPU
		{FDC003FE-257B-48D1-9DC1-6135E55560C8}.Debug|Any CPU.Build.0 = Debug|Any CPU
		{FDC003FE-257B-48D1-9DC1-6135E55560C8}.Release|Any CPU.ActiveCfg = Release|Any CPU
		{FDC003FE-257B-48D1-9DC1-6135E55560C8}.Release|Any CPU.Build.0 = Release|Any CPU
		{6CCCE2F7-637C-4EC4-A5E9-E94F26AFF753}.Debug|Any CPU.ActiveCfg = Debug|Any CPU
		{6CCCE2F7-637C-4EC4-A5E9-E94F26AFF753}.Debug|Any CPU.Build.0 = Debug|Any CPU
		{6CCCE2F7-637C-4EC4-A5E9-E94F26AFF753}.Release|Any CPU.ActiveCfg = Release|Any CPU
		{6CCCE2F7-637C-4EC4-A5E9-E94F26AFF753}.Release|Any CPU.Build.0 = Release|Any CPU
		{B9488C18-10AF-4997-BBEB-209CF859FBFA}.Debug|Any CPU.ActiveCfg = Debug|Any CPU
		{B9488C18-10AF-4997-BBEB-209CF859FBFA}.Debug|Any CPU.Build.0 = Debug|Any CPU
		{B9488C18-10AF-4997-BBEB-209CF859FBFA}.Release|Any CPU.ActiveCfg = Release|Any CPU
		{B9488C18-10AF-4997-BBEB-209CF859FBFA}.Release|Any CPU.Build.0 = Release|Any CPU
		{FD8D790F-2DC6-405F-B519-45D525EA8BE5}.Debug|Any CPU.ActiveCfg = Debug|Any CPU
		{FD8D790F-2DC6-405F-B519-45D525EA8BE5}.Debug|Any CPU.Build.0 = Debug|Any CPU
		{FD8D790F-2DC6-405F-B519-45D525EA8BE5}.Release|Any CPU.ActiveCfg = Release|Any CPU
		{FD8D790F-2DC6-405F-B519-45D525EA8BE5}.Release|Any CPU.Build.0 = Release|Any CPU
		{28E374D1-BBFA-4243-9FBE-5FEE1A9DD17B}.Debug|Any CPU.ActiveCfg = Debug|Any CPU
		{28E374D1-BBFA-4243-9FBE-5FEE1A9DD17B}.Debug|Any CPU.Build.0 = Debug|Any CPU
		{28E374D1-BBFA-4243-9FBE-5FEE1A9DD17B}.Release|Any CPU.ActiveCfg = Release|Any CPU
		{28E374D1-BBFA-4243-9FBE-5FEE1A9DD17B}.Release|Any CPU.Build.0 = Release|Any CPU
		{A7639230-B866-4883-A715-D0E66F2380D5}.Debug|Any CPU.ActiveCfg = Debug|Any CPU
		{A7639230-B866-4883-A715-D0E66F2380D5}.Debug|Any CPU.Build.0 = Debug|Any CPU
		{A7639230-B866-4883-A715-D0E66F2380D5}.Release|Any CPU.ActiveCfg = Release|Any CPU
		{A7639230-B866-4883-A715-D0E66F2380D5}.Release|Any CPU.Build.0 = Release|Any CPU
		{1C1A2021-BDF5-420A-823A-E84578EA3B9F}.Debug|Any CPU.ActiveCfg = Debug|Any CPU
		{1C1A2021-BDF5-420A-823A-E84578EA3B9F}.Debug|Any CPU.Build.0 = Debug|Any CPU
		{1C1A2021-BDF5-420A-823A-E84578EA3B9F}.Release|Any CPU.ActiveCfg = Release|Any CPU
		{1C1A2021-BDF5-420A-823A-E84578EA3B9F}.Release|Any CPU.Build.0 = Release|Any CPU
		{8A47B64B-140F-416A-A703-DB94335762F7}.Debug|Any CPU.ActiveCfg = Debug|Any CPU
		{8A47B64B-140F-416A-A703-DB94335762F7}.Debug|Any CPU.Build.0 = Debug|Any CPU
		{8A47B64B-140F-416A-A703-DB94335762F7}.Release|Any CPU.ActiveCfg = Release|Any CPU
		{8A47B64B-140F-416A-A703-DB94335762F7}.Release|Any CPU.Build.0 = Release|Any CPU
	EndGlobalSection
	GlobalSection(SolutionProperties) = preSolution
		HideSolutionNode = FALSE
	EndGlobalSection
	GlobalSection(ExtensibilityGlobals) = postSolution
		SolutionGuid = {2CA9A878-99DD-4DFE-9DE7-15F770E55994}
	EndGlobalSection
EndGlobal
